{
  "name": "snowgraph2",
  "version": "0.1.0",
  "lockfileVersion": 1,
  "requires": true,
  "dependencies": {
    "@types/history": {
      "version": "4.6.2",
      "resolved": "https://registry.npmjs.org/@types/history/-/history-4.6.2.tgz",
      "integrity": "sha512-eVAb52MJ4lfPLiO9VvTgv8KaZDEIqCwhv+lXOMLlt4C1YHTShgmMULEg0RrCbnqfYd6QKfHsMp0MiX0vWISpSw==",
      "dev": true
    },
    "@types/react": {
      "version": "16.3.18",
      "resolved": "https://registry.npmjs.org/@types/react/-/react-16.3.18.tgz",
      "integrity": "sha512-aWTvLHzKqbVWCiee8huwf5x7Ob4n4gxDwgJT/X31HqjGVZpeUeFeSFYH5Gvi5Dmm5HKF+s+dQkwa/nnEVVzzzg==",
      "dev": true,
      "requires": {
        "csstype": "2.5.3"
      }
    },
    "@types/react-router": {
      "version": "4.0.26",
      "resolved": "https://registry.npmjs.org/@types/react-router/-/react-router-4.0.26.tgz",
      "integrity": "sha512-BBL/Dk/sXAlC0Ee4zJrgYp8AsM5ubITRz8kX2a+4BBkDh9E5YE+4ZqzrS6L+ec6cXb4yRHL983fEN5AsobOIHg==",
      "dev": true,
      "requires": {
        "@types/history": "4.6.2",
        "@types/react": "16.3.18"
      }
    },
    "@types/react-router-dom": {
      "version": "4.2.7",
      "resolved": "https://registry.npmjs.org/@types/react-router-dom/-/react-router-dom-4.2.7.tgz",
      "integrity": "sha512-6sIP3dIj6xquvcAuYDaxpbeLjr9954OuhCXnniMhnDgykAw2tVji9b0jKHofPJGUoHEMBsWzO83tjnk7vfzozA==",
      "dev": true,
      "requires": {
        "@types/history": "4.6.2",
        "@types/react": "16.3.18",
        "@types/react-router": "4.0.26"
      }
    },
    "csstype": {
      "version": "2.5.3",
      "resolved": "https://registry.npmjs.org/csstype/-/csstype-2.5.3.tgz",
      "integrity": "sha512-G5HnoK8nOiAq3DXIEoY2n/8Vb7Lgrms+jGJl8E4EJpQEeVONEnPFJSl8IK505wPBoxxtrtHhrRm4WX2GgdqarA==",
      "dev": true
    }
  }
}
